
Microsoft Visual Studio Solution File, Format Version 12.00
# Visual Studio 14
VisualStudioVersion = 14.0.25123.0
MinimumVisualStudioVersion = 10.0.40219.1
Project("{8BC9CEB8-8B4A-11D0-8D11-00A0C91BC942}") = "IntroToProgramming", "IntroToProgramming\IntroToProgramming.vcxproj", "{55A566D2-2C8F-4671-8D6B-D3F01F5CD743}"
EndProject
Project("{8BC9CEB8-8B4A-11D0-8D11-00A0C91BC942}") = "Example1", "Project1\Project1.vcxproj", "{2D1D3F26-D6D8-49B1-831C-ECE028EB3B07}"
EndProject
Project("{8BC9CEB8-8B4A-11D0-8D11-00A0C91BC942}") = "Exercise Variables", "ExerciceVariables\ExerciceVariables.vcxproj", "{804FD886-0B6B-475C-9642-65FC9EF3CE8E}"
EndProject
Project("{8BC9CEB8-8B4A-11D0-8D11-00A0C91BC942}") = "Exercise Conditional", "Exercise Conditional\Exercise Conditional.vcxproj", "{F2CC7742-4BDA-409F-8AB8-958CE07432D4}"
EndProject
Project("{8BC9CEB8-8B4A-11D0-8D11-00A0C91BC942}") = "Functions", "Functions\Functions.vcxproj", "{79519F0B-5729-4182-968C-7EABF338411A}"
EndProject
Project("{8BC9CEB8-8B4A-11D0-8D11-00A0C91BC942}") = "Loops", "Loops\Loops.vcxproj", "{4747DC73-BC54-49F8-B6B6-0FFA7F483685}"
EndProject
Project("{8BC9CEB8-8B4A-11D0-8D11-00A0C91BC942}") = "Array", "Array\Array.vcxproj", "{27440253-035A-4913-9649-B3515FA4E4E7}"
EndProject
Project("{8BC9CEB8-8B4A-11D0-8D11-00A0C91BC942}") = "Practice", "Practice\Practice.vcxproj", "{D881BC45-0D1F-4931-B899-6724BD47789C}"
EndProject
Project("{8BC9CEB8-8B4A-11D0-8D11-00A0C91BC942}") = "Structs", "Structs\Structs.vcxproj", "{CA8300CF-B557-49D7-8CF6-5D9606E82830}"
EndProject
Project("{8BC9CEB8-8B4A-11D0-8D11-00A0C91BC942}") = "RockPaperScissors", "RockPaperScissors\RockPaperScissors.vcxproj", "{7FC0B793-3110-4503-A9CE-AAB44C807EA1}"
EndProject
Project("{8BC9CEB8-8B4A-11D0-8D11-00A0C91BC942}") = "CoinFlip", "CoinFlip\CoinFlip.vcxproj", "{BF71851B-F274-44E8-9C20-6529512D434A}"
EndProject
Project("{8BC9CEB8-8B4A-11D0-8D11-00A0C91BC942}") = "DiceRoll", "DiceRoll\DiceRoll.vcxproj", "{A5C8ECE5-3BC4-4BA2-BD49-42B51DF271DE}"
EndProject
Project("{8BC9CEB8-8B4A-11D0-8D11-00A0C91BC942}") = "Tic-Tac-Toe", "Tic-Tac-Toe\Tic-Tac-Toe.vcxproj", "{E41365D9-97D0-434E-BFF1-2B25BFA67800}"
EndProject
Project("{8BC9CEB8-8B4A-11D0-8D11-00A0C91BC942}") = "Class", "Class\Class.vcxproj", "{1E8F0354-A001-41F9-B2A0-A8E8DAB32F43}"
EndProject
Project("{8BC9CEB8-8B4A-11D0-8D11-00A0C91BC942}") = "Pointers to Memory", "Pointers to Memory\Pointers to Memory.vcxproj", "{5E8FF39C-0C59-4152-B610-395012667364}"
EndProject
Project("{8BC9CEB8-8B4A-11D0-8D11-00A0C91BC942}") = "Morning 9222016", "Morning\Morning.vcxproj", "{A6FA0B5B-89CA-4D13-9C1B-EB5D34A74669}"
EndProject
Project("{8BC9CEB8-8B4A-11D0-8D11-00A0C91BC942}") = "Text Files", "Text Files\Text Files.vcxproj", "{1F39C9FE-1885-4605-A388-5658BBD50CD9}"
EndProject
Global
	GlobalSection(SolutionConfigurationPlatforms) = preSolution
		Debug|x64 = Debug|x64
		Debug|x86 = Debug|x86
		Release|x64 = Release|x64
		Release|x86 = Release|x86
	EndGlobalSection
	GlobalSection(ProjectConfigurationPlatforms) = postSolution
		{55A566D2-2C8F-4671-8D6B-D3F01F5CD743}.Debug|x64.ActiveCfg = Debug|x64
		{55A566D2-2C8F-4671-8D6B-D3F01F5CD743}.Debug|x64.Build.0 = Debug|x64
		{55A566D2-2C8F-4671-8D6B-D3F01F5CD743}.Debug|x86.ActiveCfg = Debug|Win32
		{55A566D2-2C8F-4671-8D6B-D3F01F5CD743}.Debug|x86.Build.0 = Debug|Win32
		{55A566D2-2C8F-4671-8D6B-D3F01F5CD743}.Release|x64.ActiveCfg = Release|x64
		{55A566D2-2C8F-4671-8D6B-D3F01F5CD743}.Release|x64.Build.0 = Release|x64
		{55A566D2-2C8F-4671-8D6B-D3F01F5CD743}.Release|x86.ActiveCfg = Release|Win32
		{55A566D2-2C8F-4671-8D6B-D3F01F5CD743}.Release|x86.Build.0 = Release|Win32
		{2D1D3F26-D6D8-49B1-831C-ECE028EB3B07}.Debug|x64.ActiveCfg = Debug|x64
		{2D1D3F26-D6D8-49B1-831C-ECE028EB3B07}.Debug|x64.Build.0 = Debug|x64
		{2D1D3F26-D6D8-49B1-831C-ECE028EB3B07}.Debug|x86.ActiveCfg = Debug|Win32
		{2D1D3F26-D6D8-49B1-831C-ECE028EB3B07}.Debug|x86.Build.0 = Debug|Win32
		{2D1D3F26-D6D8-49B1-831C-ECE028EB3B07}.Release|x64.ActiveCfg = Release|x64
		{2D1D3F26-D6D8-49B1-831C-ECE028EB3B07}.Release|x64.Build.0 = Release|x64
		{2D1D3F26-D6D8-49B1-831C-ECE028EB3B07}.Release|x86.ActiveCfg = Release|Win32
		{2D1D3F26-D6D8-49B1-831C-ECE028EB3B07}.Release|x86.Build.0 = Release|Win32
		{804FD886-0B6B-475C-9642-65FC9EF3CE8E}.Debug|x64.ActiveCfg = Debug|x64
		{804FD886-0B6B-475C-9642-65FC9EF3CE8E}.Debug|x64.Build.0 = Debug|x64
		{804FD886-0B6B-475C-9642-65FC9EF3CE8E}.Debug|x86.ActiveCfg = Debug|Win32
		{804FD886-0B6B-475C-9642-65FC9EF3CE8E}.Debug|x86.Build.0 = Debug|Win32
		{804FD886-0B6B-475C-9642-65FC9EF3CE8E}.Release|x64.ActiveCfg = Release|x64
		{804FD886-0B6B-475C-9642-65FC9EF3CE8E}.Release|x64.Build.0 = Release|x64
		{804FD886-0B6B-475C-9642-65FC9EF3CE8E}.Release|x86.ActiveCfg = Release|Win32
		{804FD886-0B6B-475C-9642-65FC9EF3CE8E}.Release|x86.Build.0 = Release|Win32
		{F2CC7742-4BDA-409F-8AB8-958CE07432D4}.Debug|x64.ActiveCfg = Debug|x64
		{F2CC7742-4BDA-409F-8AB8-958CE07432D4}.Debug|x64.Build.0 = Debug|x64
		{F2CC7742-4BDA-409F-8AB8-958CE07432D4}.Debug|x86.ActiveCfg = Debug|Win32
		{F2CC7742-4BDA-409F-8AB8-958CE07432D4}.Debug|x86.Build.0 = Debug|Win32
		{F2CC7742-4BDA-409F-8AB8-958CE07432D4}.Release|x64.ActiveCfg = Release|x64
		{F2CC7742-4BDA-409F-8AB8-958CE07432D4}.Release|x64.Build.0 = Release|x64
		{F2CC7742-4BDA-409F-8AB8-958CE07432D4}.Release|x86.ActiveCfg = Release|Win32
		{F2CC7742-4BDA-409F-8AB8-958CE07432D4}.Release|x86.Build.0 = Release|Win32
		{79519F0B-5729-4182-968C-7EABF338411A}.Debug|x64.ActiveCfg = Debug|x64
		{79519F0B-5729-4182-968C-7EABF338411A}.Debug|x64.Build.0 = Debug|x64
		{79519F0B-5729-4182-968C-7EABF338411A}.Debug|x86.ActiveCfg = Debug|Win32
		{79519F0B-5729-4182-968C-7EABF338411A}.Debug|x86.Build.0 = Debug|Win32
		{79519F0B-5729-4182-968C-7EABF338411A}.Release|x64.ActiveCfg = Release|x64
		{79519F0B-5729-4182-968C-7EABF338411A}.Release|x64.Build.0 = Release|x64
		{79519F0B-5729-4182-968C-7EABF338411A}.Release|x86.ActiveCfg = Release|Win32
		{79519F0B-5729-4182-968C-7EABF338411A}.Release|x86.Build.0 = Release|Win32
		{4747DC73-BC54-49F8-B6B6-0FFA7F483685}.Debug|x64.ActiveCfg = Debug|x64
		{4747DC73-BC54-49F8-B6B6-0FFA7F483685}.Debug|x64.Build.0 = Debug|x64
		{4747DC73-BC54-49F8-B6B6-0FFA7F483685}.Debug|x86.ActiveCfg = Debug|Win32
		{4747DC73-BC54-49F8-B6B6-0FFA7F483685}.Debug|x86.Build.0 = Debug|Win32
		{4747DC73-BC54-49F8-B6B6-0FFA7F483685}.Release|x64.ActiveCfg = Release|x64
		{4747DC73-BC54-49F8-B6B6-0FFA7F483685}.Release|x64.Build.0 = Release|x64
		{4747DC73-BC54-49F8-B6B6-0FFA7F483685}.Release|x86.ActiveCfg = Release|Win32
		{4747DC73-BC54-49F8-B6B6-0FFA7F483685}.Release|x86.Build.0 = Release|Win32
		{27440253-035A-4913-9649-B3515FA4E4E7}.Debug|x64.ActiveCfg = Debug|x64
		{27440253-035A-4913-9649-B3515FA4E4E7}.Debug|x64.Build.0 = Debug|x64
		{27440253-035A-4913-9649-B3515FA4E4E7}.Debug|x86.ActiveCfg = Debug|Win32
		{27440253-035A-4913-9649-B3515FA4E4E7}.Debug|x86.Build.0 = Debug|Win32
		{27440253-035A-4913-9649-B3515FA4E4E7}.Release|x64.ActiveCfg = Release|x64
		{27440253-035A-4913-9649-B3515FA4E4E7}.Release|x64.Build.0 = Release|x64
		{27440253-035A-4913-9649-B3515FA4E4E7}.Release|x86.ActiveCfg = Release|Win32
		{27440253-035A-4913-9649-B3515FA4E4E7}.Release|x86.Build.0 = Release|Win32
		{D881BC45-0D1F-4931-B899-6724BD47789C}.Debug|x64.ActiveCfg = Debug|x64
		{D881BC45-0D1F-4931-B899-6724BD47789C}.Debug|x64.Build.0 = Debug|x64
		{D881BC45-0D1F-4931-B899-6724BD47789C}.Debug|x86.ActiveCfg = Debug|Win32
		{D881BC45-0D1F-4931-B899-6724BD47789C}.Debug|x86.Build.0 = Debug|Win32
		{D881BC45-0D1F-4931-B899-6724BD47789C}.Release|x64.ActiveCfg = Release|x64
		{D881BC45-0D1F-4931-B899-6724BD47789C}.Release|x64.Build.0 = Release|x64
		{D881BC45-0D1F-4931-B899-6724BD47789C}.Release|x86.ActiveCfg = Release|Win32
		{D881BC45-0D1F-4931-B899-6724BD47789C}.Release|x86.Build.0 = Release|Win32
		{CA8300CF-B557-49D7-8CF6-5D9606E82830}.Debug|x64.ActiveCfg = Debug|x64
		{CA8300CF-B557-49D7-8CF6-5D9606E82830}.Debug|x64.Build.0 = Debug|x64
		{CA8300CF-B557-49D7-8CF6-5D9606E82830}.Debug|x86.ActiveCfg = Debug|Win32
		{CA8300CF-B557-49D7-8CF6-5D9606E82830}.Debug|x86.Build.0 = Debug|Win32
		{CA8300CF-B557-49D7-8CF6-5D9606E82830}.Release|x64.ActiveCfg = Release|x64
		{CA8300CF-B557-49D7-8CF6-5D9606E82830}.Release|x64.Build.0 = Release|x64
		{CA8300CF-B557-49D7-8CF6-5D9606E82830}.Release|x86.ActiveCfg = Release|Win32
		{CA8300CF-B557-49D7-8CF6-5D9606E82830}.Release|x86.Build.0 = Release|Win32
		{7FC0B793-3110-4503-A9CE-AAB44C807EA1}.Debug|x64.ActiveCfg = Debug|x64
		{7FC0B793-3110-4503-A9CE-AAB44C807EA1}.Debug|x64.Build.0 = Debug|x64
		{7FC0B793-3110-4503-A9CE-AAB44C807EA1}.Debug|x86.ActiveCfg = Debug|Win32
		{7FC0B793-3110-4503-A9CE-AAB44C807EA1}.Debug|x86.Build.0 = Debug|Win32
		{7FC0B793-3110-4503-A9CE-AAB44C807EA1}.Release|x64.ActiveCfg = Release|x64
		{7FC0B793-3110-4503-A9CE-AAB44C807EA1}.Release|x64.Build.0 = Release|x64
		{7FC0B793-3110-4503-A9CE-AAB44C807EA1}.Release|x86.ActiveCfg = Release|Win32
		{7FC0B793-3110-4503-A9CE-AAB44C807EA1}.Release|x86.Build.0 = Release|Win32
		{BF71851B-F274-44E8-9C20-6529512D434A}.Debug|x64.ActiveCfg = Debug|x64
		{BF71851B-F274-44E8-9C20-6529512D434A}.Debug|x64.Build.0 = Debug|x64
		{BF71851B-F274-44E8-9C20-6529512D434A}.Debug|x86.ActiveCfg = Debug|Win32
		{BF71851B-F274-44E8-9C20-6529512D434A}.Debug|x86.Build.0 = Debug|Win32
		{BF71851B-F274-44E8-9C20-6529512D434A}.Release|x64.ActiveCfg = Release|x64
		{BF71851B-F274-44E8-9C20-6529512D434A}.Release|x64.Build.0 = Release|x64
		{BF71851B-F274-44E8-9C20-6529512D434A}.Release|x86.ActiveCfg = Release|Win32
		{BF71851B-F274-44E8-9C20-6529512D434A}.Release|x86.Build.0 = Release|Win32
		{A5C8ECE5-3BC4-4BA2-BD49-42B51DF271DE}.Debug|x64.ActiveCfg = Debug|x64
		{A5C8ECE5-3BC4-4BA2-BD49-42B51DF271DE}.Debug|x64.Build.0 = Debug|x64
		{A5C8ECE5-3BC4-4BA2-BD49-42B51DF271DE}.Debug|x86.ActiveCfg = Debug|Win32
		{A5C8ECE5-3BC4-4BA2-BD49-42B51DF271DE}.Debug|x86.Build.0 = Debug|Win32
		{A5C8ECE5-3BC4-4BA2-BD49-42B51DF271DE}.Release|x64.ActiveCfg = Release|x64
		{A5C8ECE5-3BC4-4BA2-BD49-42B51DF271DE}.Release|x64.Build.0 = Release|x64
		{A5C8ECE5-3BC4-4BA2-BD49-42B51DF271DE}.Release|x86.ActiveCfg = Release|Win32
		{A5C8ECE5-3BC4-4BA2-BD49-42B51DF271DE}.Release|x86.Build.0 = Release|Win32
		{E41365D9-97D0-434E-BFF1-2B25BFA67800}.Debug|x64.ActiveCfg = Debug|x64
		{E41365D9-97D0-434E-BFF1-2B25BFA67800}.Debug|x64.Build.0 = Debug|x64
		{E41365D9-97D0-434E-BFF1-2B25BFA67800}.Debug|x86.ActiveCfg = Debug|Win32
		{E41365D9-97D0-434E-BFF1-2B25BFA67800}.Debug|x86.Build.0 = Debug|Win32
		{E41365D9-97D0-434E-BFF1-2B25BFA67800}.Release|x64.ActiveCfg = Release|x64
		{E41365D9-97D0-434E-BFF1-2B25BFA67800}.Release|x64.Build.0 = Release|x64
		{E41365D9-97D0-434E-BFF1-2B25BFA67800}.Release|x86.ActiveCfg = Release|Win32
		{E41365D9-97D0-434E-BFF1-2B25BFA67800}.Release|x86.Build.0 = Release|Win32
		{1E8F0354-A001-41F9-B2A0-A8E8DAB32F43}.Debug|x64.ActiveCfg = Debug|x64
		{1E8F0354-A001-41F9-B2A0-A8E8DAB32F43}.Debug|x64.Build.0 = Debug|x64
		{1E8F0354-A001-41F9-B2A0-A8E8DAB32F43}.Debug|x86.ActiveCfg = Debug|Win32
		{1E8F0354-A001-41F9-B2A0-A8E8DAB32F43}.Debug|x86.Build.0 = Debug|Win32
		{1E8F0354-A001-41F9-B2A0-A8E8DAB32F43}.Release|x64.ActiveCfg = Release|x64
		{1E8F0354-A001-41F9-B2A0-A8E8DAB32F43}.Release|x64.Build.0 = Release|x64
		{1E8F0354-A001-41F9-B2A0-A8E8DAB32F43}.Release|x86.ActiveCfg = Release|Win32
		{1E8F0354-A001-41F9-B2A0-A8E8DAB32F43}.Release|x86.Build.0 = Release|Win32
		{5E8FF39C-0C59-4152-B610-395012667364}.Debug|x64.ActiveCfg = Debug|x64
		{5E8FF39C-0C59-4152-B610-395012667364}.Debug|x64.Build.0 = Debug|x64
		{5E8FF39C-0C59-4152-B610-395012667364}.Debug|x86.ActiveCfg = Debug|Win32
		{5E8FF39C-0C59-4152-B610-395012667364}.Debug|x86.Build.0 = Debug|Win32
		{5E8FF39C-0C59-4152-B610-395012667364}.Release|x64.ActiveCfg = Release|x64
		{5E8FF39C-0C59-4152-B610-395012667364}.Release|x64.Build.0 = Release|x64
		{5E8FF39C-0C59-4152-B610-395012667364}.Release|x86.ActiveCfg = Release|Win32
		{5E8FF39C-0C59-4152-B610-395012667364}.Release|x86.Build.0 = Release|Win32
		{A6FA0B5B-89CA-4D13-9C1B-EB5D34A74669}.Debug|x64.ActiveCfg = Debug|x64
		{A6FA0B5B-89CA-4D13-9C1B-EB5D34A74669}.Debug|x64.Build.0 = Debug|x64
		{A6FA0B5B-89CA-4D13-9C1B-EB5D34A74669}.Debug|x86.ActiveCfg = Debug|Win32
		{A6FA0B5B-89CA-4D13-9C1B-EB5D34A74669}.Debug|x86.Build.0 = Debug|Win32
		{A6FA0B5B-89CA-4D13-9C1B-EB5D34A74669}.Release|x64.ActiveCfg = Release|x64
		{A6FA0B5B-89CA-4D13-9C1B-EB5D34A74669}.Release|x64.Build.0 = Release|x64
		{A6FA0B5B-89CA-4D13-9C1B-EB5D34A74669}.Release|x86.ActiveCfg = Release|Win32
		{A6FA0B5B-89CA-4D13-9C1B-EB5D34A74669}.Release|x86.Build.0 = Release|Win32
		{1F39C9FE-1885-4605-A388-5658BBD50CD9}.Debug|x64.ActiveCfg = Debug|x64
		{1F39C9FE-1885-4605-A388-5658BBD50CD9}.Debug|x64.Build.0 = Debug|x64
		{1F39C9FE-1885-4605-A388-5658BBD50CD9}.Debug|x86.ActiveCfg = Debug|Win32
		{1F39C9FE-1885-4605-A388-5658BBD50CD9}.Debug|x86.Build.0 = Debug|Win32
		{1F39C9FE-1885-4605-A388-5658BBD50CD9}.Release|x64.ActiveCfg = Release|x64
		{1F39C9FE-1885-4605-A388-5658BBD50CD9}.Release|x64.Build.0 = Release|x64
		{1F39C9FE-1885-4605-A388-5658BBD50CD9}.Release|x86.ActiveCfg = Release|Win32
		{1F39C9FE-1885-4605-A388-5658BBD50CD9}.Release|x86.Build.0 = Release|Win32
	EndGlobalSection
	GlobalSection(SolutionProperties) = preSolution
		HideSolutionNode = FALSE
	EndGlobalSection
EndGlobal
